{
  "name": "nicercast",
  "version": "0.1.0",
  "lockfileVersion": 2,
  "requires": true,
  "packages": {
    "": {
      "name": "nicercast",
      "version": "0.1.0",
      "license": "MIT",
      "dependencies": {
        "express": "~3.5.0",
        "icecast-stack": "~0.3.0",
        "ip": "~0.3.0",
        "node-lame": "^1.3.2"
      }
    },
    "node_modules/basic-auth-connect": {
      "version": "1.0.0",
      "resolved": "https://registry.npmjs.org/basic-auth-connect/-/basic-auth-connect-1.0.0.tgz",
      "integrity": "sha512-kiV+/DTgVro4aZifY/hwRwALBISViL5NP4aReaR2EVJEObpbUBHIkdJh/YpcoEiYt7nBodZ6U2ajZeZvSxUCCg=="
    },
    "node_modules/batch": {
      "version": "0.5.0",
      "resolved": "https://registry.npmjs.org/batch/-/batch-0.5.0.tgz",
      "integrity": "sha512-avtDJBSxllB5QGphW1OXYF+ujhy/yIGgeFsvK6UiZLU86nWlqsNcZotUKd001wrl9MmZ9QIyVy8WFVEEpRIc5A=="
    },
    "node_modules/buffer-crc32": {
      "version": "0.2.1",
      "resolved": "https://registry.npmjs.org/buffer-crc32/-/buffer-crc32-0.2.1.tgz",
      "integrity": "sha512-vMfBIRp/wjlpueSz7Sb0OmO7C5SH58SSmbsT8G4D48YfO/Zgbr29xNXMpZVSC14ujVJfrZZH1Bl+kXYRQPuvfQ==",
      "engines": {
        "node": "*"
      }
    },
    "node_modules/bufferjs": {
      "version": "3.0.1",
      "resolved": "https://registry.npmjs.org/bufferjs/-/bufferjs-3.0.1.tgz",
      "integrity": "sha512-qrCIGPcd9ODawCNyqR2o55zgaC/r7XHZ7oUh2s99uk+NVBS3SjIHigxS1S2KXpt8wsoQxAN55iPi8GIH8TGMRg==",
      "engines": {
        "node": ">=0.2.0"
      }
    },
    "node_modules/bufferlist": {
      "version": "0.1.0",
      "resolved": "https://registry.npmjs.org/bufferlist/-/bufferlist-0.1.0.tgz",
      "integrity": "sha512-cg77q4YhmxV+/e7WhrShHGyOgey0GowZwg0cfXKCz5v3wfx73pUyrsnLnGY7DQZnjhtvmAaSMrf045zuJpDGDg==",
      "engines": {
        "node": "*"
      }
    },
    "node_modules/bytes": {
      "version": "0.3.0",
      "resolved": "https://registry.npmjs.org/bytes/-/bytes-0.3.0.tgz",
      "integrity": "sha512-koasz05sePZ8FLtyBSyGGlrvr1DYqr+D/MFXkz9afRugTCGKuqw6fjWMMmaCWEKtmWpgOnaGI4qlw/hPyyYX6g=="
    },
    "node_modules/commander": {
      "version": "1.3.2",
      "resolved": "https://registry.npmjs.org/commander/-/commander-1.3.2.tgz",
      "integrity": "sha512-uoVVA5dchmxZeTMv2Qsd0vhn/RebJYsWo4all1qtrUL3BBhQFn4AQDF4PL+ZvOeK7gczXKEZaSCyMDMwFBlpBg==",
      "dependencies": {
        "keypress": "0.1.x"
      },
      "engines": {
        "node": ">= 0.6.x"
      }
    },
    "node_modules/compressible": {
      "version": "1.0.0",
      "resolved": "https://registry.npmjs.org/compressible/-/compressible-1.0.0.tgz",
      "integrity": "sha512-iy203MIJMtCucpPkRq5g0e8Y1lNTY2MJPMnqBDvL6zSW5lv7hFQAF+M1tAp2ujZ1C5eTGgjukj6oWrIodrBijA=="
    },
    "node_modules/compression": {
      "version": "1.0.0",
      "resolved": "https://registry.npmjs.org/compression/-/compression-1.0.0.tgz",
      "integrity": "sha512-CooBxyGghjsLjWUON1Ofvx13hYnsX/l9YyZeD/oq+aftiIYyou5bEn1FqCNA9j7wEtpptFe6Cw+TR1yZ/F19lQ==",
      "dependencies": {
        "bytes": "0.2.1",
        "compressible": "1.0.0",
        "negotiator": "0.3.0"
      }
    },
    "node_modules/compression/node_modules/bytes": {
      "version": "0.2.1",
      "resolved": "https://registry.npmjs.org/bytes/-/bytes-0.2.1.tgz",
      "integrity": "sha512-odbk8/wGazOuC1v8v4phoV285/yx8UN5kfQhhuxaVcceig4OUiCZQBtaEtmA1Q78QSTN9iXOQ7X2EViybrEvtQ=="
    },
    "node_modules/connect": {
      "version": "2.14.5",
      "resolved": "https://registry.npmjs.org/connect/-/connect-2.14.5.tgz",
      "integrity": "sha512-OY9UUEIqjPFdlnbby+1A2//0Bp4j0Mtjm3ARZr0QDrqXGm6slldQ/twgp0lCk+hEZbOeNE1J0QZqgQLC7I7ZYg==",
      "deprecated": "connect 2.x series is deprecated",
      "dependencies": {
        "basic-auth-connect": "1.0.0",
        "bytes": "0.3.0",
        "compression": "1.0.0",
        "connect-timeout": "1.0.0",
        "cookie-parser": "1.0.1",
        "cookie-signature": "1.0.3",
        "csurf": "1.1.0",
        "debug": ">= 0.7.3 < 1",
        "errorhandler": "1.0.0",
        "express-session": "1.0.2",
        "fresh": "0.2.2",
        "method-override": "1.0.0",
        "morgan": "1.0.0",
        "multiparty": "2.2.0",
        "pause": "0.0.1",
        "qs": "0.6.6",
        "raw-body": "1.1.4",
        "response-time": "1.0.0",
        "serve-index": "1.0.1",
        "serve-static": "1.1.0",
        "setimmediate": "1.0.1",
        "static-favicon": "1.0.2",
        "vhost": "1.0.0"
      },
      "engines": {
        "node": ">= 0.8.0"
      }
    },
    "node_modules/connect-timeout": {
      "version": "1.0.0",
      "resolved": "https://registry.npmjs.org/connect-timeout/-/connect-timeout-1.0.0.tgz",
      "integrity": "sha512-W2VzhWNVueme6StiPMn3/1uN3UCvWKQ3T5tm9YSkfju9DqCahHGL99cgEURuse/88bo3AgS8PZtQuL0bLpoLcw==",
      "dependencies": {
        "debug": "*"
      }
    },
    "node_modules/cookie": {
      "version": "0.1.2",
      "resolved": "https://registry.npmjs.org/cookie/-/cookie-0.1.2.tgz",
      "integrity": "sha512-+mHmWbhevLwkiBf7QcbZXHr0v4ZQQ/OgHk3fsQHrsMMiGzuvAmU/YMUR+ZfrO/BLAGIWFfx2Z7Oyso0tZR/wiA==",
      "engines": {
        "node": "*"
      }
    },
    "node_modules/cookie-parser": {
      "version": "1.0.1",
      "resolved": "https://registry.npmjs.org/cookie-parser/-/cookie-parser-1.0.1.tgz",
      "integrity": "sha512-IDZgX9fLt2jBmlUQdLIp7oH3RdNq/kYH5JDKY6+gWNemY5SJVTMJk+ZKfjfHgJBc+h9dppDAocUxOP94dDH2Iw==",
      "dependencies": {
        "cookie": "0.1.0",
        "cookie-signature": "1.0.3"
      },
      "engines": {
        "node": ">= 0.10.0"
      }
    },
    "node_modules/cookie-parser/node_modules/cookie": {
      "version": "0.1.0",
      "resolved": "https://registry.npmjs.org/cookie/-/cookie-0.1.0.tgz",
      "integrity": "sha512-YSNOBX085/nzHvrTLEHYHoNdkvpLU1MPjU3r1IGawudZJjfuqnRNIFrcOJJ7bfwC+HWbHL1Y4yMkC0O+HWjV7w==",
      "engines": {
        "node": "*"
      }
    },
    "node_modules/cookie-signature": {
      "version": "1.0.3",
      "resolved": "https://registry.npmjs.org/cookie-signature/-/cookie-signature-1.0.3.tgz",
      "integrity": "sha512-/KzKzsm0OlguYov01OlOpTkX5MhBKUmfL/KMum7R80rPKheb9AwUzr78TwtBt1OdbnWrt4X+wxbTfcQ3noZqHw=="
    },
    "node_modules/core-util-is": {
      "version": "1.0.3",
      "resolved": "https://registry.npmjs.org/core-util-is/-/core-util-is-1.0.3.tgz",
      "integrity": "sha512-ZQBvi1DcpJ4GDqanjucZ2Hj3wEO5pZDS89BWbkcrvdxksJorwUDDZamX9ldFkp9aw2lmBDLgkObEA4DWNJ9FYQ=="
    },
    "node_modules/csurf": {
      "version": "1.1.0",
      "resolved": "https://registry.npmjs.org/csurf/-/csurf-1.1.0.tgz",
      "integrity": "sha512-HMuTYeiAFjKTvJ8Hssw0N/m8TYks3+UKZg9k0ypp1/s6KoxjIiuDFIB6yXggcu5Dev6fu1uNJGb3Qy6ok+wtzA==",
      "dependencies": {
        "scmp": "~0.0.3",
        "uid2": "~0.0.2"
      }
    },
    "node_modules/debug": {
      "version": "0.8.1",
      "resolved": "https://registry.npmjs.org/debug/-/debug-0.8.1.tgz",
      "integrity": "sha512-HlXEJm99YsRjLJ8xmuz0Lq8YUwrv7hAJkTEr6/Em3sUlSUNl0UdFA+1SrY4fnykeq1FVkUEUtwRGHs9VvlYbGA==",
      "engines": {
        "node": "*"
      }
    },
    "node_modules/errorhandler": {
      "version": "1.0.0",
      "resolved": "https://registry.npmjs.org/errorhandler/-/errorhandler-1.0.0.tgz",
      "integrity": "sha512-Hzy+KyeSeZVOJEe+SbsMqPYxKRq7B1cA2b/l1ErPoliKX3RGUJ01YM0aIhFeHf+XNW71VwYWyrfoGv+Omxqf+w=="
    },
    "node_modules/express": {
      "version": "3.5.3",
      "resolved": "https://registry.npmjs.org/express/-/express-3.5.3.tgz",
      "integrity": "sha512-48nmJguLFuSN/bzWQiXMVPbVpPHj/kc7lL02+w2Y8OYfS2ebx0r48zkLzU9bGNlO6NHR/BPHZrIGnurGiFeD3g==",
      "dependencies": {
        "buffer-crc32": "0.2.1",
        "commander": "1.3.2",
        "connect": "2.14.5",
        "cookie": "0.1.2",
        "cookie-signature": "1.0.3",
        "debug": ">= 0.7.3 < 1",
        "fresh": "0.2.2",
        "merge-descriptors": "0.0.2",
        "methods": "0.1.0",
        "mkdirp": "0.4.0",
        "range-parser": "1.0.0",
        "send": "0.3.0"
      },
      "bin": {
        "express": "bin/express"
      },
      "engines": {
        "node": ">= 0.8.0"
      }
    },
    "node_modules/express-session": {
      "version": "1.0.2",
      "resolved": "https://registry.npmjs.org/express-session/-/express-session-1.0.2.tgz",
      "integrity": "sha512-2/FkTBWDEM5jPk6GDq079QWiGwuwp+4gTwqXYWbVkyKa/km9uPHciBRHs52WCtngQ09W2J7WuCj5cYek6hMM3w==",
      "dependencies": {
        "buffer-crc32": "0.2.1",
        "cookie": "0.1.0",
        "cookie-signature": "1.0.3",
        "debug": "0.7.4",
        "uid2": "0.0.3",
        "utils-merge": "1.0.0"
      }
    },
    "node_modules/express-session/node_modules/cookie": {
      "version": "0.1.0",
      "resolved": "https://registry.npmjs.org/cookie/-/cookie-0.1.0.tgz",
      "integrity": "sha512-YSNOBX085/nzHvrTLEHYHoNdkvpLU1MPjU3r1IGawudZJjfuqnRNIFrcOJJ7bfwC+HWbHL1Y4yMkC0O+HWjV7w==",
      "engines": {
        "node": "*"
      }
    },
    "node_modules/express-session/node_modules/debug": {
      "version": "0.7.4",
      "resolved": "https://registry.npmjs.org/debug/-/debug-0.7.4.tgz",
      "integrity": "sha512-EohAb3+DSHSGx8carOSKJe8G0ayV5/i609OD0J2orCkuyae7SyZSz2aoLmQF2s0Pj5gITDebwPH7GFBlqOUQ1Q==",
      "engines": {
        "node": "*"
      }
    },
    "node_modules/express-session/node_modules/uid2": {
      "version": "0.0.3",
      "resolved": "https://registry.npmjs.org/uid2/-/uid2-0.0.3.tgz",
      "integrity": "sha512-5gSP1liv10Gjp8cMEnFd6shzkL/D6W1uhXSFNCxDC+YI8+L8wkCYCbJ7n77Ezb4wE/xzMogecE+DtamEe9PZjg=="
    },
    "node_modules/fresh": {
      "version": "0.2.2",
      "resolved": "https://registry.npmjs.org/fresh/-/fresh-0.2.2.tgz",
      "integrity": "sha512-ZGGi8GROK//ijm2gB33sUuN9TjN1tC/dvG4Bt4j6IWrVGpMmudUBCxx+Ir7qePsdREfkpQC4FL8W0jeSOsgv1w=="
    },
    "node_modules/header-stack": {
      "version": "0.1.3",
      "resolved": "https://registry.npmjs.org/header-stack/-/header-stack-0.1.3.tgz",
      "integrity": "sha512-RDlImZ+vPl7udYwo86HvefTCipmfP5At9e9ZEGZjg0pldV6V1Ig/zCEODZwCql4anpSAOn3MPKnNbpRQk4BZzQ==",
      "dependencies": {
        "bufferjs": ">= 0.2.3",
        "bufferlist": ">= 0.0.6",
        "stream-stack": ">= 1.1.1"
      },
      "engines": {
        "node": ">= 0.4.0"
      }
    },
    "node_modules/http-stack": {
      "version": "0.1.3",
      "resolved": "https://registry.npmjs.org/http-stack/-/http-stack-0.1.3.tgz",
      "integrity": "sha512-FvuH7rqiedTe3HtA6RlYhQxc2it3YuuI4w/okSRwHjENp5FdEBBu5nFUxPjqj/14hHxLKzLLG1Riz24wD9Nc6A==",
      "dependencies": {
        "header-stack": ">= 0.1.1",
        "stream-stack": ">= 1.1.1"
      },
      "engines": {
        "node": ">= 0.3.0"
      }
    },
    "node_modules/icecast-stack": {
      "version": "0.3.0",
      "resolved": "https://registry.npmjs.org/icecast-stack/-/icecast-stack-0.3.0.tgz",
      "integrity": "sha512-tcmFY6bY87I22HKxCRDZ7IphYMZmtLRnTrWCGx07JVgPzL9mSokVAzIFCwLz+SpH4Xi7WwtQKyEM0OBTvga6WQ==",
      "dependencies": {
        "http-stack": ">= 0.1.1",
        "stream-stack": ">= 1.1.0"
      },
      "engines": {
        "node": ">= 0.3.0"
      }
    },
    "node_modules/inherits": {
      "version": "2.0.4",
      "resolved": "https://registry.npmjs.org/inherits/-/inherits-2.0.4.tgz",
      "integrity": "sha512-k/vGaX4/Yla3WzyMCvTQOXYeIHvqOKtnqBduzTHpzpQZzAskKMhZ2K+EnBiSM9zGSoIFeMpXKxa4dYeZIQqewQ=="
    },
    "node_modules/ip": {
      "version": "0.3.3",
      "resolved": "https://registry.npmjs.org/ip/-/ip-0.3.3.tgz",
      "integrity": "sha512-VXpBTSFo8wNvJVwCxlncVwd2hYbzX8egxidocX2oKt6H5tJzLjrzG6gTNoHSNsKtIyelb528n/7sa86kqlnNiA=="
    },
    "node_modules/isarray": {
      "version": "0.0.1",
      "resolved": "https://registry.npmjs.org/isarray/-/isarray-0.0.1.tgz",
      "integrity": "sha512-D2S+3GLxWH+uhrNEcoh/fnmYeP8E8/zHl644d/jdA0g2uyXvy3sb0qxotE+ne0LtccHknQzWwZEzhak7oJ0COQ=="
    },
    "node_modules/keypress": {
      "version": "0.1.0",
      "resolved": "https://registry.npmjs.org/keypress/-/keypress-0.1.0.tgz",
      "integrity": "sha512-x0yf9PL/nx9Nw9oLL8ZVErFAk85/lslwEP7Vz7s5SI1ODXZIgit3C5qyWjw4DxOuO/3Hb4866SQh28a1V1d+WA=="
    },
    "node_modules/merge-descriptors": {
      "version": "0.0.2",
      "resolved": "https://registry.npmjs.org/merge-descriptors/-/merge-descriptors-0.0.2.tgz",
      "integrity": "sha512-dYBT4Ep+t/qnPeJcnMymmhTdd4g8/hn48ciaDqLAkfRf8abzLPS6Rb6EBdz5CZCL8tzZuI5ps9MhGQGxk+EuKg=="
    },
    "node_modules/method-override": {
      "version": "1.0.0",
      "resolved": "https://registry.npmjs.org/method-override/-/method-override-1.0.0.tgz",
      "integrity": "sha512-tRFPvCWAvdTvrir2QsY24OTE9jSPs5FyRu85hAvQUhQZBzUimc7ZrD8caeZSpT3h0oyyNmb1HyJ8yUYZ5wx+mg==",
      "dependencies": {
        "methods": "*"
      }
    },
    "node_modules/methods": {
      "version": "0.1.0",
      "resolved": "https://registry.npmjs.org/methods/-/methods-0.1.0.tgz",
      "integrity": "sha512-N4cn4CbDqu7Fp3AT4z3AsO19calgczhsmCGzXLCiUOrWg9sjb1B+yKFKOrnnPGKKvjyJBmw+k6b3adFN2LbuBw=="
    },
    "node_modules/mime": {
      "version": "1.2.11",
      "resolved": "https://registry.npmjs.org/mime/-/mime-1.2.11.tgz",
      "integrity": "sha512-Ysa2F/nqTNGHhhm9MV8ure4+Hc+Y8AWiqUdHxsO7xu8zc92ND9f3kpALHjaP026Ft17UfxrMt95c50PLUeynBw=="
    },
    "node_modules/mkdirp": {
      "version": "0.4.0",
      "resolved": "https://registry.npmjs.org/mkdirp/-/mkdirp-0.4.0.tgz",
      "integrity": "sha512-l4/GdhkYnvcQxztcZecGWmF2TYbk6R52LS75hV0bzpZA+pvEJfeVtJrOU1hUFFZT9GihgEcFc65zmP2ZtNRtSg==",
      "deprecated": "Legacy versions of mkdirp are no longer supported. Please update to mkdirp 1.x. (Note that the API surface has changed to use Promises in 1.x.)",
      "bin": {
        "mkdirp": "bin/cmd.js"
      }
    },
    "node_modules/morgan": {
      "version": "1.0.0",
      "resolved": "https://registry.npmjs.org/morgan/-/morgan-1.0.0.tgz",
      "integrity": "sha512-k9QzPEjwMIi8fKmY5LB3sQNk3J7yo7ERjxDrE6Aj2o6Wg/o/ZFU+zw5WNxz5X0jH6cWUzMY37bFMvvWEXanjeA==",
      "dependencies": {
        "bytes": "~0.2.0"
      }
    },
    "node_modules/morgan/node_modules/bytes": {
      "version": "0.2.1",
      "resolved": "https://registry.npmjs.org/bytes/-/bytes-0.2.1.tgz",
      "integrity": "sha512-odbk8/wGazOuC1v8v4phoV285/yx8UN5kfQhhuxaVcceig4OUiCZQBtaEtmA1Q78QSTN9iXOQ7X2EViybrEvtQ=="
    },
    "node_modules/multiparty": {
      "version": "2.2.0",
      "resolved": "https://registry.npmjs.org/multiparty/-/multiparty-2.2.0.tgz",
      "integrity": "sha512-fiFMI4tSze1TsrWFZNABRwy7kF/VycEWz4t0UFESOoP5IdJh29AUFmbirWXv/Ih/rNw62OO2YaQpQEiw1BFQpQ==",
      "dependencies": {
        "readable-stream": "~1.1.9",
        "stream-counter": "~0.2.0"
      },
      "engines": {
        "node": ">=0.8.0"
      }
    },
    "node_modules/negotiator": {
      "version": "0.3.0",
      "resolved": "https://registry.npmjs.org/negotiator/-/negotiator-0.3.0.tgz",
      "integrity": "sha512-q9wF64uB31BDZQ44DWf+8gE7y8xSpBdREAsJfnBO2WX9ecsutfUO6S9uWEdixlDLOlWaqnlnFXXwZxUUmyLfgg==",
      "engines": {
        "node": "*"
      }
    },
    "node_modules/node-lame": {
      "version": "1.3.2",
      "resolved": "https://registry.npmjs.org/node-lame/-/node-lame-1.3.2.tgz",
      "integrity": "sha512-JMt41by8N8ga4wRcLNtURbKWtktsRO8gHG0QLkIZ4Xjf8jCU3X3nvYzrXZbdLqQUPT27Wi9Fb5VqZUU1qQN1zg==",
      "engines": {
        "node": ">=12.20"
      }
    },
    "node_modules/parseurl": {
      "version": "1.0.1",
      "resolved": "https://registry.npmjs.org/parseurl/-/parseurl-1.0.1.tgz",
      "integrity": "sha512-6W9+0+9Ihayqwjgp4OaLLqZ3KDtqPY2PtUPz8YNiy4PamjJv+7x6J9GO93O9rUZOLgaanTPxsKTasxqKkO1iSw=="
    },
    "node_modules/pause": {
      "version": "0.0.1",
      "resolved": "https://registry.npmjs.org/pause/-/pause-0.0.1.tgz",
      "integrity": "sha512-KG8UEiEVkR3wGEb4m5yZkVCzigAD+cVEJck2CzYZO37ZGJfctvVptVO192MwrtPhzONn6go8ylnOdMhKqi4nfg=="
    },
    "node_modules/qs": {
      "version": "0.6.6",
      "resolved": "https://registry.npmjs.org/qs/-/qs-0.6.6.tgz",
      "integrity": "sha512-kN+yNdAf29Jgp+AYHUmC7X4QdJPR8czuMWLNLc0aRxkQ7tB3vJQEONKKT9ou/rW7EbqVec11srC9q9BiVbcnHA==",
      "engines": {
        "node": "*"
      }
    },
    "node_modules/range-parser": {
      "version": "1.0.0",
      "resolved": "https://registry.npmjs.org/range-parser/-/range-parser-1.0.0.tgz",
      "integrity": "sha512-wOH5LIH2ZHo0P7/bwkR+aNbJ+kv3CHVX4B8qs9GqbtY29fi1bGPV5xczrutN20G+Z4XhRqRMTW3q0S4iyJJPfw=="
    },
    "node_modules/raw-body": {
      "version": "1.1.4",
      "resolved": "https://registry.npmjs.org/raw-body/-/raw-body-1.1.4.tgz",
      "integrity": "sha512-BDwZAZe9kLUnOYUI5P//8Jc7HFoKTDaeLGFuoo9cmPhhzSXvIVovcsbuQT0wWtGBMMwEgME0CRQYRU6yUa5xQA==",
      "dependencies": {
        "bytes": "~0.3.0"
      },
      "engines": {
        "node": ">= 0.8.0"
      }
    },
    "node_modules/readable-stream": {
      "version": "1.1.14",
      "resolved": "https://registry.npmjs.org/readable-stream/-/readable-stream-1.1.14.tgz",
      "integrity": "sha512-+MeVjFf4L44XUkhM1eYbD8fyEsxcV81pqMSR5gblfcLCHfZvbrqy4/qYHE+/R5HoBUT11WV5O08Cr1n3YXkWVQ==",
      "dependencies": {
        "core-util-is": "~1.0.0",
        "inherits": "~2.0.1",
        "isarray": "0.0.1",
        "string_decoder": "~0.10.x"
      }
    },
    "node_modules/response-time": {
      "version": "1.0.0",
      "resolved": "https://registry.npmjs.org/response-time/-/response-time-1.0.0.tgz",
      "integrity": "sha512-P06PnmA5uf50GduVOPGtebV8J4Vcdv7G8bzX4AH0ezhzlN1xJxuYmc4BoFDa0NWu83gPwHcAjdOL3TFmYPvzWg=="
    },
    "node_modules/scmp": {
      "version": "0.0.3",
      "resolved": "https://registry.npmjs.org/scmp/-/scmp-0.0.3.tgz",
      "integrity": "sha512-ya4sPuUOfcrJnfC+OUqTFgFVBEMOXMS1Xopn0wwIhxKwD4eveTwJoIUN9u1QHJ47nL29/m545dV8KqI92MlHPw==",
      "deprecated": "scmp v2 uses improved core crypto comparison since Node v6.6.0"
    },
    "node_modules/send": {
      "version": "0.3.0",
      "resolved": "https://registry.npmjs.org/send/-/send-0.3.0.tgz",
      "integrity": "sha512-FPyeqtit9Z3zbusjv0KQyR8vQ9CL57qPNOz4GgcuIPSk+nx9WTUIMQoR6+0a7YOZpQVTtk04qH0IVQG3rohZ0Q==",
      "dependencies": {
        "buffer-crc32": "0.2.1",
        "debug": "0.8.0",
        "fresh": "~0.2.1",
        "mime": "1.2.11",
        "range-parser": "~1.0.0"
      }
    },
    "node_modules/send/node_modules/debug": {
      "version": "0.8.0",
      "resolved": "https://registry.npmjs.org/debug/-/debug-0.8.0.tgz",
      "integrity": "sha512-jR+JRuwlhTwNPpLU6/JhiMydD6+GnL/33WE8LlmnBUqPHXkEpG2iNargYBO/Wxx7wXn7oxU6XwYIZyH4YuSW9Q==",
      "engines": {
        "node": "*"
      }
    },
    "node_modules/serve-index": {
      "version": "1.0.1",
      "resolved": "https://registry.npmjs.org/serve-index/-/serve-index-1.0.1.tgz",
      "integrity": "sha512-BCHuQ0kX88zfvldEMc8k+niVq/jX2T4IbYyGBMmzV225+NcPeI+EPTtISxFxJnAZzIip1xWbE9J0dhZ2cCNFIg==",
      "dependencies": {
        "batch": "0.5.0",
        "negotiator": "0.4.2"
      },
      "engines": {
        "node": ">= 0.8.0"
      }
    },
    "node_modules/serve-index/node_modules/negotiator": {
      "version": "0.4.2",
      "resolved": "https://registry.npmjs.org/negotiator/-/negotiator-0.4.2.tgz",
      "integrity": "sha512-pJQhDYP0X6G8E8+BvYHyBd0K1qLE09MPWc5wm5+zeX9mx7vJ+VoQcE65VN1C0+RXnnmneTwGCcUxqhSWvyShow==",
      "engines": {
        "node": "*"
      }
    },
    "node_modules/serve-static": {
      "version": "1.1.0",
      "resolved": "https://registry.npmjs.org/serve-static/-/serve-static-1.1.0.tgz",
      "integrity": "sha512-vzgWiHz5xrM19pqugiYI6sWP9B0+K6vz4Ep5G1my9lVhuYkRXGYs5xtnXZ06fpLPRumROSZ1CLqiRxdngPkojQ==",
      "dependencies": {
        "parseurl": "1.0.1",
        "send": "0.3.0"
      },
      "engines": {
        "node": ">= 0.8.0"
      }
    },
    "node_modules/setimmediate": {
      "version": "1.0.1",
      "resolved": "https://registry.npmjs.org/setimmediate/-/setimmediate-1.0.1.tgz",
      "integrity": "sha512-MhLr9kgQwqnNHUEIdUhcCFRm7TU/A152bPELdvqDnEBqBhqbEhFqW9LFj5HFExhiQMlsYLSIDwMjh3Sr+8xDMg=="
    },
    "node_modules/static-favicon": {
      "version": "1.0.2",
      "resolved": "https://registry.npmjs.org/static-favicon/-/static-favicon-1.0.2.tgz",
      "integrity": "sha512-462dn/fhYwu7CWtOK+B3KAn6iFA2nlwfhM72Qkgm4HIGe3UAJ1BSJs3M9RIufQ2SrTmruzxB0ZCGHo5N7+lNpA==",
      "deprecated": "use serve-favicon module",
      "engines": {
        "node": ">= 0.10.0"
      }
    },
    "node_modules/stream-counter": {
      "version": "0.2.0",
      "resolved": "https://registry.npmjs.org/stream-counter/-/stream-counter-0.2.0.tgz",
      "integrity": "sha512-GjA2zKc2iXUUKRcOxXQmhEx0Ev3XHJ6c8yWGqhQjWwhGrqNwSsvq9YlRLgoGtZ5Kx2Ln94IedaqJ5GUG6aBbxA==",
      "dependencies": {
        "readable-stream": "~1.1.8"
      },
      "engines": {
        "node": ">=0.8.0"
      }
    },
    "node_modules/stream-stack": {
      "version": "1.1.4",
      "resolved": "https://registry.npmjs.org/stream-stack/-/stream-stack-1.1.4.tgz",
      "integrity": "sha512-bmRYXVkxuyuiK3kvf54hgfLpv2TGlNzXE9S/DCPV82HqhcDonPFuRBWpeQUCpnRrprVCqXwrxVTq9WDwrrsLTg==",
      "engines": {
        "node": ">= 0.3.0"
      }
    },
    "node_modules/string_decoder": {
      "version": "0.10.31",
      "resolved": "https://registry.npmjs.org/string_decoder/-/string_decoder-0.10.31.tgz",
      "integrity": "sha512-ev2QzSzWPYmy9GuqfIVildA4OdcGLeFZQrq5ys6RtiuF+RQQiZWr8TZNyAcuVXyQRYfEO+MsoB/1BuQVhOJuoQ=="
    },
    "node_modules/uid2": {
      "version": "0.0.4",
      "resolved": "https://registry.npmjs.org/uid2/-/uid2-0.0.4.tgz",
      "integrity": "sha512-IevTus0SbGwQzYh3+fRsAMTVVPOoIVufzacXcHPmdlle1jUpq7BRL+mw3dgeLanvGZdwwbWhRV6XrcFNdBmjWA=="
    },
    "node_modules/utils-merge": {
      "version": "1.0.0",
      "resolved": "https://registry.npmjs.org/utils-merge/-/utils-merge-1.0.0.tgz",
      "integrity": "sha512-HwU9SLQEtyo+0uoKXd1nkLqigUWLB+QuNQR4OcmB73eWqksM5ovuqcycks2x043W8XVb75rG1HQ0h93TMXkzQQ==",
      "engines": {
        "node": ">= 0.4.0"
      }
    },
    "node_modules/vhost": {
      "version": "1.0.0",
      "resolved": "https://registry.npmjs.org/vhost/-/vhost-1.0.0.tgz",
      "integrity": "sha512-j5oZxSO2DUNZfdQBZlNrxLAGDg1BEgT7njN73f9XDldKoNzv00zeyhgUY5jR70G6kdTrF0xOzESQnnvaJ/Td4g=="
    }
  },
  "dependencies": {
    "basic-auth-connect": {
      "version": "1.0.0",
      "resolved": "https://registry.npmjs.org/basic-auth-connect/-/basic-auth-connect-1.0.0.tgz",
      "integrity": "sha512-kiV+/DTgVro4aZifY/hwRwALBISViL5NP4aReaR2EVJEObpbUBHIkdJh/YpcoEiYt7nBodZ6U2ajZeZvSxUCCg=="
    },
    "batch": {
      "version": "0.5.0",
      "resolved": "https://registry.npmjs.org/batch/-/batch-0.5.0.tgz",
      "integrity": "sha512-avtDJBSxllB5QGphW1OXYF+ujhy/yIGgeFsvK6UiZLU86nWlqsNcZotUKd001wrl9MmZ9QIyVy8WFVEEpRIc5A=="
    },
    "buffer-crc32": {
      "version": "0.2.1",
      "resolved": "https://registry.npmjs.org/buffer-crc32/-/buffer-crc32-0.2.1.tgz",
      "integrity": "sha512-vMfBIRp/wjlpueSz7Sb0OmO7C5SH58SSmbsT8G4D48YfO/Zgbr29xNXMpZVSC14ujVJfrZZH1Bl+kXYRQPuvfQ=="
    },
    "bufferjs": {
      "version": "3.0.1",
      "resolved": "https://registry.npmjs.org/bufferjs/-/bufferjs-3.0.1.tgz",
      "integrity": "sha512-qrCIGPcd9ODawCNyqR2o55zgaC/r7XHZ7oUh2s99uk+NVBS3SjIHigxS1S2KXpt8wsoQxAN55iPi8GIH8TGMRg=="
    },
    "bufferlist": {
      "version": "0.1.0",
      "resolved": "https://registry.npmjs.org/bufferlist/-/bufferlist-0.1.0.tgz",
      "integrity": "sha512-cg77q4YhmxV+/e7WhrShHGyOgey0GowZwg0cfXKCz5v3wfx73pUyrsnLnGY7DQZnjhtvmAaSMrf045zuJpDGDg=="
    },
    "bytes": {
      "version": "0.3.0",
      "resolved": "https://registry.npmjs.org/bytes/-/bytes-0.3.0.tgz",
      "integrity": "sha512-koasz05sePZ8FLtyBSyGGlrvr1DYqr+D/MFXkz9afRugTCGKuqw6fjWMMmaCWEKtmWpgOnaGI4qlw/hPyyYX6g=="
    },
    "commander": {
      "version": "1.3.2",
      "resolved": "https://registry.npmjs.org/commander/-/commander-1.3.2.tgz",
      "integrity": "sha512-uoVVA5dchmxZeTMv2Qsd0vhn/RebJYsWo4all1qtrUL3BBhQFn4AQDF4PL+ZvOeK7gczXKEZaSCyMDMwFBlpBg==",
      "requires": {
        "keypress": "0.1.x"
      }
    },
    "compressible": {
      "version": "1.0.0",
      "resolved": "https://registry.npmjs.org/compressible/-/compressible-1.0.0.tgz",
      "integrity": "sha512-iy203MIJMtCucpPkRq5g0e8Y1lNTY2MJPMnqBDvL6zSW5lv7hFQAF+M1tAp2ujZ1C5eTGgjukj6oWrIodrBijA=="
    },
    "compression": {
      "version": "1.0.0",
      "resolved": "https://registry.npmjs.org/compression/-/compression-1.0.0.tgz",
      "integrity": "sha512-CooBxyGghjsLjWUON1Ofvx13hYnsX/l9YyZeD/oq+aftiIYyou5bEn1FqCNA9j7wEtpptFe6Cw+TR1yZ/F19lQ==",
      "requires": {
        "bytes": "0.2.1",
        "compressible": "1.0.0",
        "negotiator": "0.3.0"
      },
      "dependencies": {
        "bytes": {
          "version": "0.2.1",
          "resolved": "https://registry.npmjs.org/bytes/-/bytes-0.2.1.tgz",
          "integrity": "sha512-odbk8/wGazOuC1v8v4phoV285/yx8UN5kfQhhuxaVcceig4OUiCZQBtaEtmA1Q78QSTN9iXOQ7X2EViybrEvtQ=="
        }
      }
    },
    "connect": {
      "version": "2.14.5",
      "resolved": "https://registry.npmjs.org/connect/-/connect-2.14.5.tgz",
      "integrity": "sha512-OY9UUEIqjPFdlnbby+1A2//0Bp4j0Mtjm3ARZr0QDrqXGm6slldQ/twgp0lCk+hEZbOeNE1J0QZqgQLC7I7ZYg==",
      "requires": {
        "basic-auth-connect": "1.0.0",
        "bytes": "0.3.0",
        "compression": "1.0.0",
        "connect-timeout": "1.0.0",
        "cookie-parser": "1.0.1",
        "cookie-signature": "1.0.3",
        "csurf": "1.1.0",
        "debug": ">= 0.7.3 < 1",
        "errorhandler": "1.0.0",
        "express-session": "1.0.2",
        "fresh": "0.2.2",
        "method-override": "1.0.0",
        "morgan": "1.0.0",
        "multiparty": "2.2.0",
        "pause": "0.0.1",
        "qs": "0.6.6",
        "raw-body": "1.1.4",
        "response-time": "1.0.0",
        "serve-index": "1.0.1",
        "serve-static": "1.1.0",
        "setimmediate": "1.0.1",
        "static-favicon": "1.0.2",
        "vhost": "1.0.0"
      }
    },
    "connect-timeout": {
      "version": "1.0.0",
      "resolved": "https://registry.npmjs.org/connect-timeout/-/connect-timeout-1.0.0.tgz",
      "integrity": "sha512-W2VzhWNVueme6StiPMn3/1uN3UCvWKQ3T5tm9YSkfju9DqCahHGL99cgEURuse/88bo3AgS8PZtQuL0bLpoLcw==",
      "requires": {
        "debug": "*"
      }
    },
    "cookie": {
      "version": "0.1.2",
      "resolved": "https://registry.npmjs.org/cookie/-/cookie-0.1.2.tgz",
      "integrity": "sha512-+mHmWbhevLwkiBf7QcbZXHr0v4ZQQ/OgHk3fsQHrsMMiGzuvAmU/YMUR+ZfrO/BLAGIWFfx2Z7Oyso0tZR/wiA=="
    },
    "cookie-parser": {
      "version": "1.0.1",
      "resolved": "https://registry.npmjs.org/cookie-parser/-/cookie-parser-1.0.1.tgz",
      "integrity": "sha512-IDZgX9fLt2jBmlUQdLIp7oH3RdNq/kYH5JDKY6+gWNemY5SJVTMJk+ZKfjfHgJBc+h9dppDAocUxOP94dDH2Iw==",
      "requires": {
        "cookie": "0.1.0",
        "cookie-signature": "1.0.3"
      },
      "dependencies": {
        "cookie": {
          "version": "0.1.0",
          "resolved": "https://registry.npmjs.org/cookie/-/cookie-0.1.0.tgz",
          "integrity": "sha512-YSNOBX085/nzHvrTLEHYHoNdkvpLU1MPjU3r1IGawudZJjfuqnRNIFrcOJJ7bfwC+HWbHL1Y4yMkC0O+HWjV7w=="
        }
      }
    },
    "cookie-signature": {
      "version": "1.0.3",
      "resolved": "https://registry.npmjs.org/cookie-signature/-/cookie-signature-1.0.3.tgz",
      "integrity": "sha512-/KzKzsm0OlguYov01OlOpTkX5MhBKUmfL/KMum7R80rPKheb9AwUzr78TwtBt1OdbnWrt4X+wxbTfcQ3noZqHw=="
    },
    "core-util-is": {
      "version": "1.0.3",
      "resolved": "https://registry.npmjs.org/core-util-is/-/core-util-is-1.0.3.tgz",
      "integrity": "sha512-ZQBvi1DcpJ4GDqanjucZ2Hj3wEO5pZDS89BWbkcrvdxksJorwUDDZamX9ldFkp9aw2lmBDLgkObEA4DWNJ9FYQ=="
    },
    "csurf": {
      "version": "1.1.0",
      "resolved": "https://registry.npmjs.org/csurf/-/csurf-1.1.0.tgz",
      "integrity": "sha512-HMuTYeiAFjKTvJ8Hssw0N/m8TYks3+UKZg9k0ypp1/s6KoxjIiuDFIB6yXggcu5Dev6fu1uNJGb3Qy6ok+wtzA==",
      "requires": {
        "scmp": "~0.0.3",
        "uid2": "~0.0.2"
      }
    },
    "debug": {
      "version": "0.8.1",
      "resolved": "https://registry.npmjs.org/debug/-/debug-0.8.1.tgz",
      "integrity": "sha512-HlXEJm99YsRjLJ8xmuz0Lq8YUwrv7hAJkTEr6/Em3sUlSUNl0UdFA+1SrY4fnykeq1FVkUEUtwRGHs9VvlYbGA=="
    },
    "errorhandler": {
      "version": "1.0.0",
      "resolved": "https://registry.npmjs.org/errorhandler/-/errorhandler-1.0.0.tgz",
      "integrity": "sha512-Hzy+KyeSeZVOJEe+SbsMqPYxKRq7B1cA2b/l1ErPoliKX3RGUJ01YM0aIhFeHf+XNW71VwYWyrfoGv+Omxqf+w=="
    },
    "express": {
      "version": "3.5.3",
      "resolved": "https://registry.npmjs.org/express/-/express-3.5.3.tgz",
      "integrity": "sha512-48nmJguLFuSN/bzWQiXMVPbVpPHj/kc7lL02+w2Y8OYfS2ebx0r48zkLzU9bGNlO6NHR/BPHZrIGnurGiFeD3g==",
      "requires": {
        "buffer-crc32": "0.2.1",
        "commander": "1.3.2",
        "connect": "2.14.5",
        "cookie": "0.1.2",
        "cookie-signature": "1.0.3",
        "debug": ">= 0.7.3 < 1",
        "fresh": "0.2.2",
        "merge-descriptors": "0.0.2",
        "methods": "0.1.0",
        "mkdirp": "0.4.0",
        "range-parser": "1.0.0",
        "send": "0.3.0"
      }
    },
    "express-session": {
      "version": "1.0.2",
      "resolved": "https://registry.npmjs.org/express-session/-/express-session-1.0.2.tgz",
      "integrity": "sha512-2/FkTBWDEM5jPk6GDq079QWiGwuwp+4gTwqXYWbVkyKa/km9uPHciBRHs52WCtngQ09W2J7WuCj5cYek6hMM3w==",
      "requires": {
        "buffer-crc32": "0.2.1",
        "cookie": "0.1.0",
        "cookie-signature": "1.0.3",
        "debug": "0.7.4",
        "uid2": "0.0.3",
        "utils-merge": "1.0.0"
      },
      "dependencies": {
        "cookie": {
          "version": "0.1.0",
          "resolved": "https://registry.npmjs.org/cookie/-/cookie-0.1.0.tgz",
          "integrity": "sha512-YSNOBX085/nzHvrTLEHYHoNdkvpLU1MPjU3r1IGawudZJjfuqnRNIFrcOJJ7bfwC+HWbHL1Y4yMkC0O+HWjV7w=="
        },
        "debug": {
          "version": "0.7.4",
          "resolved": "https://registry.npmjs.org/debug/-/debug-0.7.4.tgz",
          "integrity": "sha512-EohAb3+DSHSGx8carOSKJe8G0ayV5/i609OD0J2orCkuyae7SyZSz2aoLmQF2s0Pj5gITDebwPH7GFBlqOUQ1Q=="
        },
        "uid2": {
          "version": "0.0.3",
          "resolved": "https://registry.npmjs.org/uid2/-/uid2-0.0.3.tgz",
          "integrity": "sha512-5gSP1liv10Gjp8cMEnFd6shzkL/D6W1uhXSFNCxDC+YI8+L8wkCYCbJ7n77Ezb4wE/xzMogecE+DtamEe9PZjg=="
        }
      }
    },
    "fresh": {
      "version": "0.2.2",
      "resolved": "https://registry.npmjs.org/fresh/-/fresh-0.2.2.tgz",
      "integrity": "sha512-ZGGi8GROK//ijm2gB33sUuN9TjN1tC/dvG4Bt4j6IWrVGpMmudUBCxx+Ir7qePsdREfkpQC4FL8W0jeSOsgv1w=="
    },
    "header-stack": {
      "version": "0.1.3",
      "resolved": "https://registry.npmjs.org/header-stack/-/header-stack-0.1.3.tgz",
      "integrity": "sha512-RDlImZ+vPl7udYwo86HvefTCipmfP5At9e9ZEGZjg0pldV6V1Ig/zCEODZwCql4anpSAOn3MPKnNbpRQk4BZzQ==",
      "requires": {
        "bufferjs": ">= 0.2.3",
        "bufferlist": ">= 0.0.6",
        "stream-stack": ">= 1.1.1"
      }
    },
    "http-stack": {
      "version": "0.1.3",
      "resolved": "https://registry.npmjs.org/http-stack/-/http-stack-0.1.3.tgz",
      "integrity": "sha512-FvuH7rqiedTe3HtA6RlYhQxc2it3YuuI4w/okSRwHjENp5FdEBBu5nFUxPjqj/14hHxLKzLLG1Riz24wD9Nc6A==",
      "requires": {
        "header-stack": ">= 0.1.1",
        "stream-stack": ">= 1.1.1"
      }
    },
    "icecast-stack": {
      "version": "0.3.0",
      "resolved": "https://registry.npmjs.org/icecast-stack/-/icecast-stack-0.3.0.tgz",
      "integrity": "sha512-tcmFY6bY87I22HKxCRDZ7IphYMZmtLRnTrWCGx07JVgPzL9mSokVAzIFCwLz+SpH4Xi7WwtQKyEM0OBTvga6WQ==",
      "requires": {
        "http-stack": ">= 0.1.1",
        "stream-stack": ">= 1.1.0"
      }
    },
    "inherits": {
      "version": "2.0.4",
      "resolved": "https://registry.npmjs.org/inherits/-/inherits-2.0.4.tgz",
      "integrity": "sha512-k/vGaX4/Yla3WzyMCvTQOXYeIHvqOKtnqBduzTHpzpQZzAskKMhZ2K+EnBiSM9zGSoIFeMpXKxa4dYeZIQqewQ=="
    },
    "ip": {
      "version": "0.3.3",
      "resolved": "https://registry.npmjs.org/ip/-/ip-0.3.3.tgz",
      "integrity": "sha512-VXpBTSFo8wNvJVwCxlncVwd2hYbzX8egxidocX2oKt6H5tJzLjrzG6gTNoHSNsKtIyelb528n/7sa86kqlnNiA=="
    },
    "isarray": {
      "version": "0.0.1",
      "resolved": "https://registry.npmjs.org/isarray/-/isarray-0.0.1.tgz",
      "integrity": "sha512-D2S+3GLxWH+uhrNEcoh/fnmYeP8E8/zHl644d/jdA0g2uyXvy3sb0qxotE+ne0LtccHknQzWwZEzhak7oJ0COQ=="
    },
    "keypress": {
      "version": "0.1.0",
      "resolved": "https://registry.npmjs.org/keypress/-/keypress-0.1.0.tgz",
      "integrity": "sha512-x0yf9PL/nx9Nw9oLL8ZVErFAk85/lslwEP7Vz7s5SI1ODXZIgit3C5qyWjw4DxOuO/3Hb4866SQh28a1V1d+WA=="
    },
    "merge-descriptors": {
      "version": "0.0.2",
      "resolved": "https://registry.npmjs.org/merge-descriptors/-/merge-descriptors-0.0.2.tgz",
      "integrity": "sha512-dYBT4Ep+t/qnPeJcnMymmhTdd4g8/hn48ciaDqLAkfRf8abzLPS6Rb6EBdz5CZCL8tzZuI5ps9MhGQGxk+EuKg=="
    },
    "method-override": {
      "version": "1.0.0",
      "resolved": "https://registry.npmjs.org/method-override/-/method-override-1.0.0.tgz",
      "integrity": "sha512-tRFPvCWAvdTvrir2QsY24OTE9jSPs5FyRu85hAvQUhQZBzUimc7ZrD8caeZSpT3h0oyyNmb1HyJ8yUYZ5wx+mg==",
      "requires": {
        "methods": "*"
      }
    },
    "methods": {
      "version": "0.1.0",
      "resolved": "https://registry.npmjs.org/methods/-/methods-0.1.0.tgz",
      "integrity": "sha512-N4cn4CbDqu7Fp3AT4z3AsO19calgczhsmCGzXLCiUOrWg9sjb1B+yKFKOrnnPGKKvjyJBmw+k6b3adFN2LbuBw=="
    },
    "mime": {
      "version": "1.2.11",
      "resolved": "https://registry.npmjs.org/mime/-/mime-1.2.11.tgz",
      "integrity": "sha512-Ysa2F/nqTNGHhhm9MV8ure4+Hc+Y8AWiqUdHxsO7xu8zc92ND9f3kpALHjaP026Ft17UfxrMt95c50PLUeynBw=="
    },
    "mkdirp": {
      "version": "0.4.0",
      "resolved": "https://registry.npmjs.org/mkdirp/-/mkdirp-0.4.0.tgz",
      "integrity": "sha512-l4/GdhkYnvcQxztcZecGWmF2TYbk6R52LS75hV0bzpZA+pvEJfeVtJrOU1hUFFZT9GihgEcFc65zmP2ZtNRtSg=="
    },
    "morgan": {
      "version": "1.0.0",
      "resolved": "https://registry.npmjs.org/morgan/-/morgan-1.0.0.tgz",
      "integrity": "sha512-k9QzPEjwMIi8fKmY5LB3sQNk3J7yo7ERjxDrE6Aj2o6Wg/o/ZFU+zw5WNxz5X0jH6cWUzMY37bFMvvWEXanjeA==",
      "requires": {
        "bytes": "~0.2.0"
      },
      "dependencies": {
        "bytes": {
          "version": "0.2.1",
          "resolved": "https://registry.npmjs.org/bytes/-/bytes-0.2.1.tgz",
          "integrity": "sha512-odbk8/wGazOuC1v8v4phoV285/yx8UN5kfQhhuxaVcceig4OUiCZQBtaEtmA1Q78QSTN9iXOQ7X2EViybrEvtQ=="
        }
      }
    },
    "multiparty": {
      "version": "2.2.0",
      "resolved": "https://registry.npmjs.org/multiparty/-/multiparty-2.2.0.tgz",
      "integrity": "sha512-fiFMI4tSze1TsrWFZNABRwy7kF/VycEWz4t0UFESOoP5IdJh29AUFmbirWXv/Ih/rNw62OO2YaQpQEiw1BFQpQ==",
      "requires": {
        "readable-stream": "~1.1.9",
        "stream-counter": "~0.2.0"
      }
    },
    "negotiator": {
      "version": "0.3.0",
      "resolved": "https://registry.npmjs.org/negotiator/-/negotiator-0.3.0.tgz",
      "integrity": "sha512-q9wF64uB31BDZQ44DWf+8gE7y8xSpBdREAsJfnBO2WX9ecsutfUO6S9uWEdixlDLOlWaqnlnFXXwZxUUmyLfgg=="
    },
    "node-lame": {
      "version": "1.3.2",
      "resolved": "https://registry.npmjs.org/node-lame/-/node-lame-1.3.2.tgz",
      "integrity": "sha512-JMt41by8N8ga4wRcLNtURbKWtktsRO8gHG0QLkIZ4Xjf8jCU3X3nvYzrXZbdLqQUPT27Wi9Fb5VqZUU1qQN1zg=="
    },
    "parseurl": {
      "version": "1.0.1",
      "resolved": "https://registry.npmjs.org/parseurl/-/parseurl-1.0.1.tgz",
      "integrity": "sha512-6W9+0+9Ihayqwjgp4OaLLqZ3KDtqPY2PtUPz8YNiy4PamjJv+7x6J9GO93O9rUZOLgaanTPxsKTasxqKkO1iSw=="
    },
    "pause": {
      "version": "0.0.1",
      "resolved": "https://registry.npmjs.org/pause/-/pause-0.0.1.tgz",
      "integrity": "sha512-KG8UEiEVkR3wGEb4m5yZkVCzigAD+cVEJck2CzYZO37ZGJfctvVptVO192MwrtPhzONn6go8ylnOdMhKqi4nfg=="
    },
    "qs": {
      "version": "0.6.6",
      "resolved": "https://registry.npmjs.org/qs/-/qs-0.6.6.tgz",
      "integrity": "sha512-kN+yNdAf29Jgp+AYHUmC7X4QdJPR8czuMWLNLc0aRxkQ7tB3vJQEONKKT9ou/rW7EbqVec11srC9q9BiVbcnHA=="
    },
    "range-parser": {
      "version": "1.0.0",
      "resolved": "https://registry.npmjs.org/range-parser/-/range-parser-1.0.0.tgz",
      "integrity": "sha512-wOH5LIH2ZHo0P7/bwkR+aNbJ+kv3CHVX4B8qs9GqbtY29fi1bGPV5xczrutN20G+Z4XhRqRMTW3q0S4iyJJPfw=="
    },
    "raw-body": {
      "version": "1.1.4",
      "resolved": "https://registry.npmjs.org/raw-body/-/raw-body-1.1.4.tgz",
      "integrity": "sha512-BDwZAZe9kLUnOYUI5P//8Jc7HFoKTDaeLGFuoo9cmPhhzSXvIVovcsbuQT0wWtGBMMwEgME0CRQYRU6yUa5xQA==",
      "requires": {
        "bytes": "~0.3.0"
      }
    },
    "readable-stream": {
      "version": "1.1.14",
      "resolved": "https://registry.npmjs.org/readable-stream/-/readable-stream-1.1.14.tgz",
      "integrity": "sha512-+MeVjFf4L44XUkhM1eYbD8fyEsxcV81pqMSR5gblfcLCHfZvbrqy4/qYHE+/R5HoBUT11WV5O08Cr1n3YXkWVQ==",
      "requires": {
        "core-util-is": "~1.0.0",
        "inherits": "~2.0.1",
        "isarray": "0.0.1",
        "string_decoder": "~0.10.x"
      }
    },
    "response-time": {
      "version": "1.0.0",
      "resolved": "https://registry.npmjs.org/response-time/-/response-time-1.0.0.tgz",
      "integrity": "sha512-P06PnmA5uf50GduVOPGtebV8J4Vcdv7G8bzX4AH0ezhzlN1xJxuYmc4BoFDa0NWu83gPwHcAjdOL3TFmYPvzWg=="
    },
    "scmp": {
      "version": "0.0.3",
      "resolved": "https://registry.npmjs.org/scmp/-/scmp-0.0.3.tgz",
      "integrity": "sha512-ya4sPuUOfcrJnfC+OUqTFgFVBEMOXMS1Xopn0wwIhxKwD4eveTwJoIUN9u1QHJ47nL29/m545dV8KqI92MlHPw=="
    },
    "send": {
      "version": "0.3.0",
      "resolved": "https://registry.npmjs.org/send/-/send-0.3.0.tgz",
      "integrity": "sha512-FPyeqtit9Z3zbusjv0KQyR8vQ9CL57qPNOz4GgcuIPSk+nx9WTUIMQoR6+0a7YOZpQVTtk04qH0IVQG3rohZ0Q==",
      "requires": {
        "buffer-crc32": "0.2.1",
        "debug": "0.8.0",
        "fresh": "~0.2.1",
        "mime": "1.2.11",
        "range-parser": "~1.0.0"
      },
      "dependencies": {
        "debug": {
          "version": "0.8.0",
          "resolved": "https://registry.npmjs.org/debug/-/debug-0.8.0.tgz",
          "integrity": "sha512-jR+JRuwlhTwNPpLU6/JhiMydD6+GnL/33WE8LlmnBUqPHXkEpG2iNargYBO/Wxx7wXn7oxU6XwYIZyH4YuSW9Q=="
        }
      }
    },
    "serve-index": {
      "version": "1.0.1",
      "resolved": "https://registry.npmjs.org/serve-index/-/serve-index-1.0.1.tgz",
      "integrity": "sha512-BCHuQ0kX88zfvldEMc8k+niVq/jX2T4IbYyGBMmzV225+NcPeI+EPTtISxFxJnAZzIip1xWbE9J0dhZ2cCNFIg==",
      "requires": {
        "batch": "0.5.0",
        "negotiator": "0.4.2"
      },
      "dependencies": {
        "negotiator": {
          "version": "0.4.2",
          "resolved": "https://registry.npmjs.org/negotiator/-/negotiator-0.4.2.tgz",
          "integrity": "sha512-pJQhDYP0X6G8E8+BvYHyBd0K1qLE09MPWc5wm5+zeX9mx7vJ+VoQcE65VN1C0+RXnnmneTwGCcUxqhSWvyShow=="
        }
      }
    },
    "serve-static": {
      "version": "1.1.0",
      "resolved": "https://registry.npmjs.org/serve-static/-/serve-static-1.1.0.tgz",
      "integrity": "sha512-vzgWiHz5xrM19pqugiYI6sWP9B0+K6vz4Ep5G1my9lVhuYkRXGYs5xtnXZ06fpLPRumROSZ1CLqiRxdngPkojQ==",
      "requires": {
        "parseurl": "1.0.1",
        "send": "0.3.0"
      }
    },
    "setimmediate": {
      "version": "1.0.1",
      "resolved": "https://registry.npmjs.org/setimmediate/-/setimmediate-1.0.1.tgz",
      "integrity": "sha512-MhLr9kgQwqnNHUEIdUhcCFRm7TU/A152bPELdvqDnEBqBhqbEhFqW9LFj5HFExhiQMlsYLSIDwMjh3Sr+8xDMg=="
    },
    "static-favicon": {
      "version": "1.0.2",
      "resolved": "https://registry.npmjs.org/static-favicon/-/static-favicon-1.0.2.tgz",
      "integrity": "sha512-462dn/fhYwu7CWtOK+B3KAn6iFA2nlwfhM72Qkgm4HIGe3UAJ1BSJs3M9RIufQ2SrTmruzxB0ZCGHo5N7+lNpA=="
    },
    "stream-counter": {
      "version": "0.2.0",
      "resolved": "https://registry.npmjs.org/stream-counter/-/stream-counter-0.2.0.tgz",
      "integrity": "sha512-GjA2zKc2iXUUKRcOxXQmhEx0Ev3XHJ6c8yWGqhQjWwhGrqNwSsvq9YlRLgoGtZ5Kx2Ln94IedaqJ5GUG6aBbxA==",
      "requires": {
        "readable-stream": "~1.1.8"
      }
    },
    "stream-stack": {
      "version": "1.1.4",
      "resolved": "https://registry.npmjs.org/stream-stack/-/stream-stack-1.1.4.tgz",
      "integrity": "sha512-bmRYXVkxuyuiK3kvf54hgfLpv2TGlNzXE9S/DCPV82HqhcDonPFuRBWpeQUCpnRrprVCqXwrxVTq9WDwrrsLTg=="
    },
    "string_decoder": {
      "version": "0.10.31",
      "resolved": "https://registry.npmjs.org/string_decoder/-/string_decoder-0.10.31.tgz",
      "integrity": "sha512-ev2QzSzWPYmy9GuqfIVildA4OdcGLeFZQrq5ys6RtiuF+RQQiZWr8TZNyAcuVXyQRYfEO+MsoB/1BuQVhOJuoQ=="
    },
    "uid2": {
      "version": "0.0.4",
      "resolved": "https://registry.npmjs.org/uid2/-/uid2-0.0.4.tgz",
      "integrity": "sha512-IevTus0SbGwQzYh3+fRsAMTVVPOoIVufzacXcHPmdlle1jUpq7BRL+mw3dgeLanvGZdwwbWhRV6XrcFNdBmjWA=="
    },
    "utils-merge": {
      "version": "1.0.0",
      "resolved": "https://registry.npmjs.org/utils-merge/-/utils-merge-1.0.0.tgz",
      "integrity": "sha512-HwU9SLQEtyo+0uoKXd1nkLqigUWLB+QuNQR4OcmB73eWqksM5ovuqcycks2x043W8XVb75rG1HQ0h93TMXkzQQ=="
    },
    "vhost": {
      "version": "1.0.0",
      "resolved": "https://registry.npmjs.org/vhost/-/vhost-1.0.0.tgz",
      "integrity": "sha512-j5oZxSO2DUNZfdQBZlNrxLAGDg1BEgT7njN73f9XDldKoNzv00zeyhgUY5jR70G6kdTrF0xOzESQnnvaJ/Td4g=="
    }
  }
}
